
Microsoft Visual Studio Solution File, Format Version 12.00
# Visual Studio Version 16
VisualStudioVersion = 16.0.29926.136
MinimumVisualStudioVersion = 10.0.40219.1
Project("{9A19103F-16F7-4668-BE54-9A1E7A4F7556}") = "Fitness.BL", "Fitness.BL\Fitness.BL.csproj", "{D8385224-3157-4486-ABC0-A5A5C0C18C10}"
EndProject
Project("{FAE04EC0-301F-11D3-BF4B-00C04F79EFBC}") = "Fitness.CMD", "Fitness.CMD\Fitness.CMD.csproj", "{1349AF54-5F33-46CA-B301-F8A1EE142113}"
EndProject
Global
	GlobalSection(SolutionConfigurationPlatforms) = preSolution
		Debug|Any CPU = Debug|Any CPU
		Release|Any CPU = Release|Any CPU
	EndGlobalSection
	GlobalSection(ProjectConfigurationPlatforms) = postSolution
		{D8385224-3157-4486-ABC0-A5A5C0C18C10}.Debug|Any CPU.ActiveCfg = Debug|Any CPU
		{D8385224-3157-4486-ABC0-A5A5C0C18C10}.Debug|Any CPU.Build.0 = Debug|Any CPU
		{D8385224-3157-4486-ABC0-A5A5C0C18C10}.Release|Any CPU.ActiveCfg = Release|Any CPU
		{D8385224-3157-4486-ABC0-A5A5C0C18C10}.Release|Any CPU.Build.0 = Release|Any CPU
		{1349AF54-5F33-46CA-B301-F8A1EE142113}.Debug|Any CPU.ActiveCfg = Debug|Any CPU
		{1349AF54-5F33-46CA-B301-F8A1EE142113}.Debug|Any CPU.Build.0 = Debug|Any CPU
		{1349AF54-5F33-46CA-B301-F8A1EE142113}.Release|Any CPU.ActiveCfg = Release|Any CPU
		{1349AF54-5F33-46CA-B301-F8A1EE142113}.Release|Any CPU.Build.0 = Release|Any CPU
	EndGlobalSection
	GlobalSection(SolutionProperties) = preSolution
		HideSolutionNode = FALSE
	EndGlobalSection
	GlobalSection(ExtensibilityGlobals) = postSolution
		SolutionGuid = {492E6241-28AF-494A-A83D-97DE724C5754}
	EndGlobalSection
EndGlobal
